
Microsoft Visual Studio Solution File, Format Version 12.00
# Visual Studio 15
VisualStudioVersion = 15.0.27703.2047
MinimumVisualStudioVersion = 10.0.40219.1
Project("{888888A0-9F3D-457C-B088-3A5042F75D52}") = "BasicProject", "BasicProject\BasicProject.pyproj", "{38B30E35-C9DA-40C6-86B6-70F1BAD8E056}"
EndProject
Project("{888888A0-9F3D-457C-B088-3A5042F75D52}") = "FlaskWeb", "FlaskWeb\FlaskWeb.pyproj", "{1AE3369A-BD7C-4069-9C6E-18201CC7F505}"
EndProject
Global
	GlobalSection(SolutionConfigurationPlatforms) = preSolution
		Debug|Any CPU = Debug|Any CPU
		Release|Any CPU = Release|Any CPU
	EndGlobalSection
	GlobalSection(ProjectConfigurationPlatforms) = postSolution
		{38B30E35-C9DA-40C6-86B6-70F1BAD8E056}.Debug|Any CPU.ActiveCfg = Debug|Any CPU
		{38B30E35-C9DA-40C6-86B6-70F1BAD8E056}.Debug|Any CPU.Build.0 = Debug|Any CPU
		{38B30E35-C9DA-40C6-86B6-70F1BAD8E056}.Release|Any CPU.ActiveCfg = Release|Any CPU
		{38B30E35-C9DA-40C6-86B6-70F1BAD8E056}.Release|Any CPU.Build.0 = Release|Any CPU
		{1AE3369A-BD7C-4069-9C6E-18201CC7F505}.Debug|Any CPU.ActiveCfg = Debug|Any CPU
		{1AE3369A-BD7C-4069-9C6E-18201CC7F505}.Debug|Any CPU.Build.0 = Debug|Any CPU
		{1AE3369A-BD7C-4069-9C6E-18201CC7F505}.Release|Any CPU.ActiveCfg = Release|Any CPU
		{1AE3369A-BD7C-4069-9C6E-18201CC7F505}.Release|Any CPU.Build.0 = Release|Any CPU
	EndGlobalSection
	GlobalSection(SolutionProperties) = preSolution
		HideSolutionNode = FALSE
	EndGlobalSection
	GlobalSection(ExtensibilityGlobals) = postSolution
		SolutionGuid = {3E75BB2F-9A32-4966-A36D-DA37519F9297}
	EndGlobalSection
EndGlobal
